
Microsoft Visual Studio Solution File, Format Version 12.00
# Visual Studio 14
VisualStudioVersion = 14.0.23107.0
MinimumVisualStudioVersion = 10.0.40219.1
Project("{FAE04EC0-301F-11D3-BF4B-00C04F79EFBC}") = "GetCMEWebAPI", "GetCMEWebAPI\GetCMEWebAPI.csproj", "{B9740C85-C91A-4686-82E8-05CC90F03544}"
EndProject
Project("{FAE04EC0-301F-11D3-BF4B-00C04F79EFBC}") = "WebjobCMEFTPLoad", "WebjobCMEFTPLoad\WebjobCMEFTPLoad.csproj", "{D714B196-4D97-4803-9BBC-F9F36D11DDD7}"
EndProject
Project("{FAE04EC0-301F-11D3-BF4B-00C04F79EFBC}") = "WebJobTestClient", "WebJobTestClient\WebJobTestClient.csproj", "{73B61B29-279D-46C8-B4C5-F284CD11138E}"
EndProject
Global
	GlobalSection(SolutionConfigurationPlatforms) = preSolution
		Debug|Any CPU = Debug|Any CPU
		Release|Any CPU = Release|Any CPU
	EndGlobalSection
	GlobalSection(ProjectConfigurationPlatforms) = postSolution
		{B9740C85-C91A-4686-82E8-05CC90F03544}.Debug|Any CPU.ActiveCfg = Debug|Any CPU
		{B9740C85-C91A-4686-82E8-05CC90F03544}.Debug|Any CPU.Build.0 = Debug|Any CPU
		{B9740C85-C91A-4686-82E8-05CC90F03544}.Release|Any CPU.ActiveCfg = Release|Any CPU
		{B9740C85-C91A-4686-82E8-05CC90F03544}.Release|Any CPU.Build.0 = Release|Any CPU
		{D714B196-4D97-4803-9BBC-F9F36D11DDD7}.Debug|Any CPU.ActiveCfg = Debug|Any CPU
		{D714B196-4D97-4803-9BBC-F9F36D11DDD7}.Debug|Any CPU.Build.0 = Debug|Any CPU
		{D714B196-4D97-4803-9BBC-F9F36D11DDD7}.Release|Any CPU.ActiveCfg = Release|Any CPU
		{D714B196-4D97-4803-9BBC-F9F36D11DDD7}.Release|Any CPU.Build.0 = Release|Any CPU
		{73B61B29-279D-46C8-B4C5-F284CD11138E}.Debug|Any CPU.ActiveCfg = Debug|Any CPU
		{73B61B29-279D-46C8-B4C5-F284CD11138E}.Debug|Any CPU.Build.0 = Debug|Any CPU
		{73B61B29-279D-46C8-B4C5-F284CD11138E}.Release|Any CPU.ActiveCfg = Release|Any CPU
		{73B61B29-279D-46C8-B4C5-F284CD11138E}.Release|Any CPU.Build.0 = Release|Any CPU
	EndGlobalSection
	GlobalSection(SolutionProperties) = preSolution
		HideSolutionNode = FALSE
	EndGlobalSection
EndGlobal
